{
  "name": "@miqro/web-components",
  "version": "0.0.1",
  "lockfileVersion": 2,
  "requires": true,
  "packages": {
    "": {
      "name": "@miqro/web-components",
      "version": "0.0.1",
      "license": "ISC",
      "devDependencies": {
        "@miqro/core": "^1.5.13",
        "@miqro/test": "^0.0.12",
        "miqro": "^1.7.16",
        "typescript": "4.6.3"
      },
      "engines": {
        "node": ">=16.0.0",
        "npm": ">=6.0.0"
      }
    },
    "../test": {
      "version": "0.0.12",
      "extraneous": true,
      "license": "ISC",
      "dependencies": {
        "@miqro/request": "0.0.7",
        "uuid": "8.3.2"
      },
      "bin": {
        "miqro-test": "dist/cli.js",
        "test": "dist/cli.js"
      },
      "devDependencies": {
        "@types/node": "17.0.23",
        "@types/uuid": "8.3.4",
        "typescript": "4.6.3"
      }
    },
    "node_modules/@miqro/core": {
      "version": "1.5.13",
      "resolved": "https://registry.npmjs.org/@miqro/core/-/core-1.5.13.tgz",
      "integrity": "sha512-uSnSR8Zx9mjuODvFbKZKO9jDqP/22ZTaB74WpCNmeR03MSSvk14kd5ML1WWng5ZSXOQ8rLBzBGSYnSn/lmfIZQ==",
      "dev": true,
      "dependencies": {
        "@miqro/parser": "^0.0.7",
        "@miqro/request": "^0.0.7",
        "cookie": "0.4.1",
        "uuid": "8.3.2"
      },
      "engines": {
        "node": ">=16.0.0",
        "npm": ">=6.0.0"
      }
    },
    "node_modules/@miqro/parser": {
      "version": "0.0.7",
      "resolved": "https://registry.npmjs.org/@miqro/parser/-/parser-0.0.7.tgz",
      "integrity": "sha512-/x0CgAaOPF1RVSNEYnjnh+Oz0j5b1KrP5C9S2EhGU5UNT1r4tjsEwyRtx102uyDLapCBMD7cVEjkpN9YYqiaEg==",
      "dev": true,
      "engines": {
        "node": ">=16.0.0",
        "npm": ">=6.0.0"
      }
    },
    "node_modules/@miqro/request": {
      "version": "0.0.7",
      "resolved": "https://registry.npmjs.org/@miqro/request/-/request-0.0.7.tgz",
      "integrity": "sha512-63jK7DWWRPCEI+2qPYOZyr53CYK2Vf161DaC/6TqZmtIdQ46kSN4Gk6ae2bzpWT/T69WF9+7SnJpHlARsOMDWQ==",
      "dev": true
    },
    "node_modules/@miqro/runner": {
      "version": "1.2.6",
      "resolved": "https://registry.npmjs.org/@miqro/runner/-/runner-1.2.6.tgz",
      "integrity": "sha512-AgpkPofysNFRdCfRzz7ZTf6t2b/yRDkL8W3T8Xp8YqxqyjzHtiHO8qbCkFYn4WLWrQ5bSanNino3gK4AAKB6QA==",
      "dev": true,
      "bin": {
        "miqro-runner": "dist/cluster.js",
        "runner": "dist/cluster.js"
      },
      "engines": {
        "node": ">=14.0.0",
        "npm": ">=6.0.0"
      }
    },
    "node_modules/@miqro/test": {
      "version": "0.0.12",
      "resolved": "https://registry.npmjs.org/@miqro/test/-/test-0.0.12.tgz",
      "integrity": "sha512-SXyPfJsjtbsJ6JGQsTwsYHAD2yQe4bfo3ZcRvzaYTWRNwLRkUM+8msUfX/efmr46kac806qC+SC/ors++VYGaA==",
      "dev": true,
      "dependencies": {
        "@miqro/request": "0.0.7",
        "uuid": "8.3.2"
      },
      "bin": {
        "miqro-test": "dist/cli.js",
        "test": "dist/cli.js"
      }
    },
    "node_modules/cookie": {
      "version": "0.4.1",
      "resolved": "https://registry.npmjs.org/cookie/-/cookie-0.4.1.tgz",
      "integrity": "sha512-ZwrFkGJxUR3EIoXtO+yVE69Eb7KlixbaeAWfBQB9vVsNn/o+Yw69gBWSSDK825hQNdN+wF8zELf3dFNl/kxkUA==",
      "dev": true,
      "engines": {
        "node": ">= 0.6"
      }
    },
    "node_modules/deep-diff": {
      "version": "1.0.2",
      "resolved": "https://registry.npmjs.org/deep-diff/-/deep-diff-1.0.2.tgz",
      "integrity": "sha512-aWS3UIVH+NPGCD1kki+DCU9Dua032iSsO43LqQpcs4R3+dVv7tX0qBGjiVHJHjplsoUM2XRO/KB92glqc68awg==",
      "dev": true
    },
    "node_modules/miqro": {
      "version": "1.7.16",
      "resolved": "https://registry.npmjs.org/miqro/-/miqro-1.7.16.tgz",
      "integrity": "sha512-Uispzz2vC6tHCha0ZIplXQQ/ZphxqigLFoKmBXL0mqqfcUWjzTdJGFzamhJoPhiucPuG2eQMBLECXuUuxOx97A==",
      "dev": true,
      "dependencies": {
        "@miqro/core": "^1.5.13",
        "@miqro/parser": "^0.0.7",
        "@miqro/runner": "^1.2.6",
        "deep-diff": "1.0.2"
      },
      "bin": {
        "miqro": "dist/cli.js"
      },
      "engines": {
        "node": ">=14.0.0",
        "npm": ">=6.0.0"
      }
    },
    "node_modules/typescript": {
      "version": "4.6.3",
      "resolved": "https://registry.npmjs.org/typescript/-/typescript-4.6.3.tgz",
      "integrity": "sha512-yNIatDa5iaofVozS/uQJEl3JRWLKKGJKh6Yaiv0GLGSuhpFJe7P3SbHZ8/yjAHRQwKRoA6YZqlfjXWmVzoVSMw==",
      "dev": true,
      "bin": {
        "tsc": "bin/tsc",
        "tsserver": "bin/tsserver"
      },
      "engines": {
        "node": ">=4.2.0"
      }
    },
    "node_modules/uuid": {
      "version": "8.3.2",
      "resolved": "https://registry.npmjs.org/uuid/-/uuid-8.3.2.tgz",
      "integrity": "sha512-+NYs2QeMWy+GWFOEm9xnn6HCDp0l7QBD7ml8zLUmJ+93Q5NF0NocErnwkTkXVFNiX3/fpC6afS8Dhb/gz7R7eg==",
      "dev": true,
      "bin": {
        "uuid": "dist/bin/uuid"
      }
    }
  },
  "dependencies": {
    "@miqro/core": {
      "version": "1.5.13",
      "resolved": "https://registry.npmjs.org/@miqro/core/-/core-1.5.13.tgz",
      "integrity": "sha512-uSnSR8Zx9mjuODvFbKZKO9jDqP/22ZTaB74WpCNmeR03MSSvk14kd5ML1WWng5ZSXOQ8rLBzBGSYnSn/lmfIZQ==",
      "dev": true,
      "requires": {
        "@miqro/parser": "^0.0.7",
        "@miqro/request": "^0.0.7",
        "cookie": "0.4.1",
        "uuid": "8.3.2"
      }
    },
    "@miqro/parser": {
      "version": "0.0.7",
      "resolved": "https://registry.npmjs.org/@miqro/parser/-/parser-0.0.7.tgz",
      "integrity": "sha512-/x0CgAaOPF1RVSNEYnjnh+Oz0j5b1KrP5C9S2EhGU5UNT1r4tjsEwyRtx102uyDLapCBMD7cVEjkpN9YYqiaEg==",
      "dev": true
    },
    "@miqro/request": {
      "version": "0.0.7",
      "resolved": "https://registry.npmjs.org/@miqro/request/-/request-0.0.7.tgz",
      "integrity": "sha512-63jK7DWWRPCEI+2qPYOZyr53CYK2Vf161DaC/6TqZmtIdQ46kSN4Gk6ae2bzpWT/T69WF9+7SnJpHlARsOMDWQ==",
      "dev": true
    },
    "@miqro/runner": {
      "version": "1.2.6",
      "resolved": "https://registry.npmjs.org/@miqro/runner/-/runner-1.2.6.tgz",
      "integrity": "sha512-AgpkPofysNFRdCfRzz7ZTf6t2b/yRDkL8W3T8Xp8YqxqyjzHtiHO8qbCkFYn4WLWrQ5bSanNino3gK4AAKB6QA==",
      "dev": true
    },
    "@miqro/test": {
      "version": "0.0.12",
      "resolved": "https://registry.npmjs.org/@miqro/test/-/test-0.0.12.tgz",
      "integrity": "sha512-SXyPfJsjtbsJ6JGQsTwsYHAD2yQe4bfo3ZcRvzaYTWRNwLRkUM+8msUfX/efmr46kac806qC+SC/ors++VYGaA==",
      "dev": true,
      "requires": {
        "@miqro/request": "0.0.7",
        "uuid": "8.3.2"
      }
    },
    "cookie": {
      "version": "0.4.1",
      "resolved": "https://registry.npmjs.org/cookie/-/cookie-0.4.1.tgz",
      "integrity": "sha512-ZwrFkGJxUR3EIoXtO+yVE69Eb7KlixbaeAWfBQB9vVsNn/o+Yw69gBWSSDK825hQNdN+wF8zELf3dFNl/kxkUA==",
      "dev": true
    },
    "deep-diff": {
      "version": "1.0.2",
      "resolved": "https://registry.npmjs.org/deep-diff/-/deep-diff-1.0.2.tgz",
      "integrity": "sha512-aWS3UIVH+NPGCD1kki+DCU9Dua032iSsO43LqQpcs4R3+dVv7tX0qBGjiVHJHjplsoUM2XRO/KB92glqc68awg==",
      "dev": true
    },
    "miqro": {
      "version": "1.7.16",
      "resolved": "https://registry.npmjs.org/miqro/-/miqro-1.7.16.tgz",
      "integrity": "sha512-Uispzz2vC6tHCha0ZIplXQQ/ZphxqigLFoKmBXL0mqqfcUWjzTdJGFzamhJoPhiucPuG2eQMBLECXuUuxOx97A==",
      "dev": true,
      "requires": {
        "@miqro/core": "^1.5.13",
        "@miqro/parser": "^0.0.7",
        "@miqro/runner": "^1.2.6",
        "deep-diff": "1.0.2"
      }
    },
    "typescript": {
      "version": "4.6.3",
      "resolved": "https://registry.npmjs.org/typescript/-/typescript-4.6.3.tgz",
      "integrity": "sha512-yNIatDa5iaofVozS/uQJEl3JRWLKKGJKh6Yaiv0GLGSuhpFJe7P3SbHZ8/yjAHRQwKRoA6YZqlfjXWmVzoVSMw==",
      "dev": true
    },
    "uuid": {
      "version": "8.3.2",
      "resolved": "https://registry.npmjs.org/uuid/-/uuid-8.3.2.tgz",
      "integrity": "sha512-+NYs2QeMWy+GWFOEm9xnn6HCDp0l7QBD7ml8zLUmJ+93Q5NF0NocErnwkTkXVFNiX3/fpC6afS8Dhb/gz7R7eg==",
      "dev": true
    }
  }
}
