{
  "name": "@miqro/web-components",
  "version": "0.0.1",
  "lockfileVersion": 2,
  "requires": true,
  "packages": {
    "": {
      "name": "@miqro/web-components",
      "version": "0.0.1",
      "license": "ISC",
      "devDependencies": {
        "@miqro/test": "0.2.4",
        "miqro": "1.8.1",
        "typescript": "4.7.4"
      },
      "engines": {
        "node": ">=16.0.0",
        "npm": ">=6.0.0"
      }
    },
    "node_modules/@miqro/core": {
      "version": "1.6.0",
      "resolved": "https://registry.npmjs.org/@miqro/core/-/core-1.6.0.tgz",
      "integrity": "sha512-A4hUkB6+Wff2ocSSWPtZt2SBJtYTvzzel1nEbKBMdPUrMsbcuXlvUhKZQVSj5dLAH7gOLMyD3lXbXpma425Ylw==",
      "dev": true,
      "dependencies": {
        "@miqro/parser": "^0.1.5",
        "@miqro/request": "^0.1.1",
        "cookie": "0.5.0",
        "uuid": "8.3.2"
      },
      "engines": {
        "node": ">=16.0.0",
        "npm": ">=6.0.0"
      }
    },
    "node_modules/@miqro/parser": {
      "version": "0.1.5",
      "resolved": "https://registry.npmjs.org/@miqro/parser/-/parser-0.1.5.tgz",
      "integrity": "sha512-blyQe8ynLHAohfFfdIEHMzfcrNMecKuQtkDvPuSqeEcKjEHal0mU6r+GKQA74WzmTOnCNNcgT4njc/MistdCyQ==",
      "dev": true,
      "engines": {
        "node": ">=16.0.0",
        "npm": ">=6.0.0"
      }
    },
    "node_modules/@miqro/request": {
      "version": "0.1.1",
      "resolved": "https://registry.npmjs.org/@miqro/request/-/request-0.1.1.tgz",
      "integrity": "sha512-jdude9zd+DmpCcDoY7gmtyZxARyM8asSnjADf+QHTb460/cH5R9RtmF/qFShxHgcjdCato8PFJDF8sPYtXQqIg==",
      "dev": true
    },
    "node_modules/@miqro/runner": {
      "version": "1.2.8",
      "resolved": "https://registry.npmjs.org/@miqro/runner/-/runner-1.2.8.tgz",
      "integrity": "sha512-sBHyn93njw/K+qciAZM8TPqooR167mCmF4zny1Jk9OhCeVcYCmaiVIT/XZgT8v1TuV4mVuIfU+udp+ktHycELg==",
      "dev": true,
      "bin": {
        "miqro-runner": "dist/cluster.js",
        "runner": "dist/cluster.js"
      },
      "engines": {
        "node": ">=14.0.0",
        "npm": ">=6.0.0"
      }
    },
    "node_modules/@miqro/test": {
      "version": "0.2.4",
      "resolved": "https://registry.npmjs.org/@miqro/test/-/test-0.2.4.tgz",
      "integrity": "sha512-dlzWJdo1tX1j8UHcDS/RL1mTbGF9M5L/RnCZtQ3kccTQQBsSn/jrJimng7ZcaA+iGkp0q6OYlYTwD6Bg9eb6YA==",
      "dev": true,
      "bin": {
        "miqro-test": "dist/cli.js",
        "test": "dist/cli.js"
      }
    },
    "node_modules/cookie": {
      "version": "0.5.0",
      "resolved": "https://registry.npmjs.org/cookie/-/cookie-0.5.0.tgz",
      "integrity": "sha512-YZ3GUyn/o8gfKJlnlX7g7xq4gyO6OSuhGPKaaGssGB2qgDUS0gPgtTvoyZLTt9Ab6dC4hfc9dV5arkvc/OCmrw==",
      "dev": true,
      "engines": {
        "node": ">= 0.6"
      }
    },
    "node_modules/deep-diff": {
      "version": "1.0.2",
      "resolved": "https://registry.npmjs.org/deep-diff/-/deep-diff-1.0.2.tgz",
      "integrity": "sha512-aWS3UIVH+NPGCD1kki+DCU9Dua032iSsO43LqQpcs4R3+dVv7tX0qBGjiVHJHjplsoUM2XRO/KB92glqc68awg==",
      "dev": true
    },
    "node_modules/miqro": {
      "version": "1.8.1",
      "resolved": "https://registry.npmjs.org/miqro/-/miqro-1.8.1.tgz",
      "integrity": "sha512-BkfhtE6KMp8+A31xME6RdZ/ZWOUKkF6KXmZ0RVzrmS3n/l5MbNBjm+ZvAJ5e0edXICQOwif+LPaGGkl89iTbqg==",
      "dev": true,
      "dependencies": {
        "@miqro/core": "^1.6.0",
        "@miqro/parser": "^0.1.5",
        "@miqro/runner": "^1.2.8",
        "@miqro/test": "^0.2.4",
        "deep-diff": "1.0.2"
      },
      "bin": {
        "miqro": "dist/cli.js"
      },
      "engines": {
        "node": ">=14.0.0",
        "npm": ">=6.0.0"
      }
    },
    "node_modules/typescript": {
      "version": "4.7.4",
      "resolved": "https://registry.npmjs.org/typescript/-/typescript-4.7.4.tgz",
      "integrity": "sha512-C0WQT0gezHuw6AdY1M2jxUO83Rjf0HP7Sk1DtXj6j1EwkQNZrHAg2XPWlq62oqEhYvONq5pkC2Y9oPljWToLmQ==",
      "dev": true,
      "bin": {
        "tsc": "bin/tsc",
        "tsserver": "bin/tsserver"
      },
      "engines": {
        "node": ">=4.2.0"
      }
    },
    "node_modules/uuid": {
      "version": "8.3.2",
      "resolved": "https://registry.npmjs.org/uuid/-/uuid-8.3.2.tgz",
      "integrity": "sha512-+NYs2QeMWy+GWFOEm9xnn6HCDp0l7QBD7ml8zLUmJ+93Q5NF0NocErnwkTkXVFNiX3/fpC6afS8Dhb/gz7R7eg==",
      "dev": true,
      "bin": {
        "uuid": "dist/bin/uuid"
      }
    }
  },
  "dependencies": {
    "@miqro/core": {
      "version": "1.6.0",
      "resolved": "https://registry.npmjs.org/@miqro/core/-/core-1.6.0.tgz",
      "integrity": "sha512-A4hUkB6+Wff2ocSSWPtZt2SBJtYTvzzel1nEbKBMdPUrMsbcuXlvUhKZQVSj5dLAH7gOLMyD3lXbXpma425Ylw==",
      "dev": true,
      "requires": {
        "@miqro/parser": "^0.1.5",
        "@miqro/request": "^0.1.1",
        "cookie": "0.5.0",
        "uuid": "8.3.2"
      }
    },
    "@miqro/parser": {
      "version": "0.1.5",
      "resolved": "https://registry.npmjs.org/@miqro/parser/-/parser-0.1.5.tgz",
      "integrity": "sha512-blyQe8ynLHAohfFfdIEHMzfcrNMecKuQtkDvPuSqeEcKjEHal0mU6r+GKQA74WzmTOnCNNcgT4njc/MistdCyQ==",
      "dev": true
    },
    "@miqro/request": {
      "version": "0.1.1",
      "resolved": "https://registry.npmjs.org/@miqro/request/-/request-0.1.1.tgz",
      "integrity": "sha512-jdude9zd+DmpCcDoY7gmtyZxARyM8asSnjADf+QHTb460/cH5R9RtmF/qFShxHgcjdCato8PFJDF8sPYtXQqIg==",
      "dev": true
    },
    "@miqro/runner": {
      "version": "1.2.8",
      "resolved": "https://registry.npmjs.org/@miqro/runner/-/runner-1.2.8.tgz",
      "integrity": "sha512-sBHyn93njw/K+qciAZM8TPqooR167mCmF4zny1Jk9OhCeVcYCmaiVIT/XZgT8v1TuV4mVuIfU+udp+ktHycELg==",
      "dev": true
    },
    "@miqro/test": {
      "version": "0.2.4",
      "resolved": "https://registry.npmjs.org/@miqro/test/-/test-0.2.4.tgz",
      "integrity": "sha512-dlzWJdo1tX1j8UHcDS/RL1mTbGF9M5L/RnCZtQ3kccTQQBsSn/jrJimng7ZcaA+iGkp0q6OYlYTwD6Bg9eb6YA==",
      "dev": true
    },
    "cookie": {
      "version": "0.5.0",
      "resolved": "https://registry.npmjs.org/cookie/-/cookie-0.5.0.tgz",
      "integrity": "sha512-YZ3GUyn/o8gfKJlnlX7g7xq4gyO6OSuhGPKaaGssGB2qgDUS0gPgtTvoyZLTt9Ab6dC4hfc9dV5arkvc/OCmrw==",
      "dev": true
    },
    "deep-diff": {
      "version": "1.0.2",
      "resolved": "https://registry.npmjs.org/deep-diff/-/deep-diff-1.0.2.tgz",
      "integrity": "sha512-aWS3UIVH+NPGCD1kki+DCU9Dua032iSsO43LqQpcs4R3+dVv7tX0qBGjiVHJHjplsoUM2XRO/KB92glqc68awg==",
      "dev": true
    },
    "miqro": {
      "version": "1.8.1",
      "resolved": "https://registry.npmjs.org/miqro/-/miqro-1.8.1.tgz",
      "integrity": "sha512-BkfhtE6KMp8+A31xME6RdZ/ZWOUKkF6KXmZ0RVzrmS3n/l5MbNBjm+ZvAJ5e0edXICQOwif+LPaGGkl89iTbqg==",
      "dev": true,
      "requires": {
        "@miqro/core": "^1.6.0",
        "@miqro/parser": "^0.1.5",
        "@miqro/runner": "^1.2.8",
        "@miqro/test": "^0.2.4",
        "deep-diff": "1.0.2"
      }
    },
    "typescript": {
      "version": "4.7.4",
      "resolved": "https://registry.npmjs.org/typescript/-/typescript-4.7.4.tgz",
      "integrity": "sha512-C0WQT0gezHuw6AdY1M2jxUO83Rjf0HP7Sk1DtXj6j1EwkQNZrHAg2XPWlq62oqEhYvONq5pkC2Y9oPljWToLmQ==",
      "dev": true
    },
    "uuid": {
      "version": "8.3.2",
      "resolved": "https://registry.npmjs.org/uuid/-/uuid-8.3.2.tgz",
      "integrity": "sha512-+NYs2QeMWy+GWFOEm9xnn6HCDp0l7QBD7ml8zLUmJ+93Q5NF0NocErnwkTkXVFNiX3/fpC6afS8Dhb/gz7R7eg==",
      "dev": true
    }
  }
}
