{
  "name": "@miqro/web-components",
  "version": "0.0.1",
  "lockfileVersion": 2,
  "requires": true,
  "packages": {
    "": {
      "name": "@miqro/web-components",
      "version": "0.0.1",
      "license": "ISC",
      "devDependencies": {
        "@miqro/test": "../test",
        "typescript": "4.6.3"
      },
      "engines": {
        "node": ">=16.0.0",
        "npm": ">=6.0.0"
      }
    },
    "../test": {
      "version": "0.2.1",
      "dev": true,
      "license": "ISC",
      "bin": {
        "miqro-test": "dist/cli.js",
        "test": "dist/cli.js"
      },
      "devDependencies": {
        "@types/node": "17.0.23",
        "typescript": "4.6.4"
      }
    },
    "node_modules/@miqro/test": {
      "resolved": "../test",
      "link": true
    },
    "node_modules/typescript": {
      "version": "4.6.3",
      "resolved": "https://registry.npmjs.org/typescript/-/typescript-4.6.3.tgz",
      "integrity": "sha512-yNIatDa5iaofVozS/uQJEl3JRWLKKGJKh6Yaiv0GLGSuhpFJe7P3SbHZ8/yjAHRQwKRoA6YZqlfjXWmVzoVSMw==",
      "dev": true,
      "bin": {
        "tsc": "bin/tsc",
        "tsserver": "bin/tsserver"
      },
      "engines": {
        "node": ">=4.2.0"
      }
    }
  },
  "dependencies": {
    "@miqro/test": {
      "version": "file:../test",
      "requires": {
        "@types/node": "17.0.23",
        "typescript": "4.6.4"
      }
    },
    "typescript": {
      "version": "4.6.3",
      "resolved": "https://registry.npmjs.org/typescript/-/typescript-4.6.3.tgz",
      "integrity": "sha512-yNIatDa5iaofVozS/uQJEl3JRWLKKGJKh6Yaiv0GLGSuhpFJe7P3SbHZ8/yjAHRQwKRoA6YZqlfjXWmVzoVSMw==",
      "dev": true
    }
  }
}
